// !$*UTF8*$!
{
	archiveVersion = 1;
	classes = {
	};
	objectVersion = 56;
	objects = {

/* Begin PBXBuildFile section */
		AF11F9E92C57CC850009E685 /* SoundIdentifier.swift in Sources */ = {isa = PBXBuildFile; fileRef = AF11F9E82C57CC850009E685 /* SoundIdentifier.swift */; };
		AF11F9EB2C57D1550009E685 /* DetectionState.swift in Sources */ = {isa = PBXBuildFile; fileRef = AF11F9EA2C57D1550009E685 /* DetectionState.swift */; };
		AF11F9ED2C57D5BD0009E685 /* ClassificationResultsSubject.swift in Sources */ = {isa = PBXBuildFile; fileRef = AF11F9EC2C57D5BD0009E685 /* ClassificationResultsSubject.swift */; };
		AF11F9EF2C57DE7F0009E685 /* AppConfiguration.swift in Sources */ = {isa = PBXBuildFile; fileRef = AF11F9EE2C57DE7F0009E685 /* AppConfiguration.swift */; };
		AF11F9F12C57E2300009E685 /* SystemAudioClassifier.swift in Sources */ = {isa = PBXBuildFile; fileRef = AF11F9F02C57E2300009E685 /* SystemAudioClassifier.swift */; };
		AF11F9F32C587C4D0009E685 /* AppState.swift in Sources */ = {isa = PBXBuildFile; fileRef = AF11F9F22C587C4D0009E685 /* AppState.swift */; };
		AFB83FA02C5C6D2700E48896 /* AudioInputLevelManager.swift in Sources */ = {isa = PBXBuildFile; fileRef = AFB83F9F2C5C6D2700E48896 /* AudioInputLevelManager.swift */; };
		AFB83FA82C5C76DA00E48896 /* DetectSoundsView.swift in Sources */ = {isa = PBXBuildFile; fileRef = AFB83FA32C5C76DA00E48896 /* DetectSoundsView.swift */; };
		AFB83FA92C5C76DA00E48896 /* SetupMonitoredSoundView.swift in Sources */ = {isa = PBXBuildFile; fileRef = AFB83FA42C5C76DA00E48896 /* SetupMonitoredSoundView.swift */; };
		AFB83FAA2C5C76DA00E48896 /* InstrumentBar.swift in Sources */ = {isa = PBXBuildFile; fileRef = AFB83FA52C5C76DA00E48896 /* InstrumentBar.swift */; };
		AFB83FAB2C5C76DA00E48896 /* SettingPopoverView.swift in Sources */ = {isa = PBXBuildFile; fileRef = AFB83FA62C5C76DA00E48896 /* SettingPopoverView.swift */; };
		AFB83FAC2C5C76DA00E48896 /* TempView.swift in Sources */ = {isa = PBXBuildFile; fileRef = AFB83FA72C5C76DA00E48896 /* TempView.swift */; };
		B57DBED52C4E78D600E8F182 /* MicSelectView.swift in Sources */ = {isa = PBXBuildFile; fileRef = B57DBED42C4E78D600E8F182 /* MicSelectView.swift */; };
		B57DBED72C4E78E400E8F182 /* BandSettingView.swift in Sources */ = {isa = PBXBuildFile; fileRef = B57DBED62C4E78E400E8F182 /* BandSettingView.swift */; };
		B57DBED92C4E78FF00E8F182 /* SideBarView.swift in Sources */ = {isa = PBXBuildFile; fileRef = B57DBED82C4E78FF00E8F182 /* SideBarView.swift */; };
		B57DBEDE2C522E0900E8F182 /* Song.swift in Sources */ = {isa = PBXBuildFile; fileRef = B57DBEDD2C522E0900E8F182 /* Song.swift */; };
		B57DBEE22C52327500E8F182 /* Instrument.swift in Sources */ = {isa = PBXBuildFile; fileRef = B57DBEE12C52327500E8F182 /* Instrument.swift */; };
		B57DBEEF2C54A50E00E8F182 /* BandSong.xcdatamodeld in Sources */ = {isa = PBXBuildFile; fileRef = B57DBEED2C54A50E00E8F182 /* BandSong.xcdatamodeld */; };
		B57DBF022C54D5A500E8F182 /* CoreDataManager.swift in Sources */ = {isa = PBXBuildFile; fileRef = B57DBF012C54D5A500E8F182 /* CoreDataManager.swift */; };
		B57DBF0E2C5A240700E8F182 /* InstrumentAddingView.swift in Sources */ = {isa = PBXBuildFile; fileRef = B57DBF0D2C5A240700E8F182 /* InstrumentAddingView.swift */; };
		B59724B42C4909CD0027990A /* LvlanceApp.swift in Sources */ = {isa = PBXBuildFile; fileRef = B59724B32C4909CD0027990A /* LvlanceApp.swift */; };
		B59724B62C4909CD0027990A /* ContentView.swift in Sources */ = {isa = PBXBuildFile; fileRef = B59724B52C4909CD0027990A /* ContentView.swift */; };
		B59724B82C4909CF0027990A /* Assets.xcassets in Resources */ = {isa = PBXBuildFile; fileRef = B59724B72C4909CF0027990A /* Assets.xcassets */; };
		B59724BB2C4909CF0027990A /* Preview Assets.xcassets in Resources */ = {isa = PBXBuildFile; fileRef = B59724BA2C4909CF0027990A /* Preview Assets.xcassets */; };
		B59ACF772C634B73003FC9D8 /* InstrumentEntity+CoreDataClass.swift in Sources */ = {isa = PBXBuildFile; fileRef = B59ACF732C634B73003FC9D8 /* InstrumentEntity+CoreDataClass.swift */; };
		B59ACF782C634B73003FC9D8 /* InstrumentEntity+CoreDataProperties.swift in Sources */ = {isa = PBXBuildFile; fileRef = B59ACF742C634B73003FC9D8 /* InstrumentEntity+CoreDataProperties.swift */; };
		B59ACF792C634B73003FC9D8 /* SongEntity+CoreDataClass.swift in Sources */ = {isa = PBXBuildFile; fileRef = B59ACF752C634B73003FC9D8 /* SongEntity+CoreDataClass.swift */; };
		B59ACF7A2C634B73003FC9D8 /* SongEntity+CoreDataProperties.swift in Sources */ = {isa = PBXBuildFile; fileRef = B59ACF762C634B73003FC9D8 /* SongEntity+CoreDataProperties.swift */; };
		B5A9F61C2C5A79F600EFD035 /* InstrumentSelectButton.swift in Sources */ = {isa = PBXBuildFile; fileRef = B5A9F61B2C5A79F600EFD035 /* InstrumentSelectButton.swift */; };
		B5A9F61F2C5B689500EFD035 /* InstrumentReady.swift in Sources */ = {isa = PBXBuildFile; fileRef = B5A9F61E2C5B689500EFD035 /* InstrumentReady.swift */; };
		B5A9F63E2C5BC11400EFD035 /* playButtonStyle.swift in Sources */ = {isa = PBXBuildFile; fileRef = B5A9F63D2C5BC11400EFD035 /* playButtonStyle.swift */; };
		B5C9B47D2C61014500FE4F81 /* SongViewModel.swift in Sources */ = {isa = PBXBuildFile; fileRef = B5C9B47C2C61014500FE4F81 /* SongViewModel.swift */; };
		C73C83812C5A292A001B7540 /* OnboardingView.swift in Sources */ = {isa = PBXBuildFile; fileRef = C73C83802C5A292A001B7540 /* OnboardingView.swift */; };
		C73C83832C5A297C001B7540 /* OnboardingNextView.swift in Sources */ = {isa = PBXBuildFile; fileRef = C73C83822C5A297C001B7540 /* OnboardingNextView.swift */; };
		C73C83852C5A299B001B7540 /* OnboardingStartView.swift in Sources */ = {isa = PBXBuildFile; fileRef = C73C83842C5A299B001B7540 /* OnboardingStartView.swift */; };
		C7D8AC992C5B890E001AB123 /* Device.swift in Sources */ = {isa = PBXBuildFile; fileRef = C7D8AC952C5B890E001AB123 /* Device.swift */; };
		C7D8AC9A2C5B890E001AB123 /* AudioManager.swift in Sources */ = {isa = PBXBuildFile; fileRef = C7D8AC972C5B890E001AB123 /* AudioManager.swift */; };
/* End PBXBuildFile section */

/* Begin PBXFileReference section */
		AF11F9E82C57CC850009E685 /* SoundIdentifier.swift */ = {isa = PBXFileReference; lastKnownFileType = sourcecode.swift; path = SoundIdentifier.swift; sourceTree = "<group>"; };
		AF11F9EA2C57D1550009E685 /* DetectionState.swift */ = {isa = PBXFileReference; lastKnownFileType = sourcecode.swift; path = DetectionState.swift; sourceTree = "<group>"; };
		AF11F9EC2C57D5BD0009E685 /* ClassificationResultsSubject.swift */ = {isa = PBXFileReference; lastKnownFileType = sourcecode.swift; path = ClassificationResultsSubject.swift; sourceTree = "<group>"; };
		AF11F9EE2C57DE7F0009E685 /* AppConfiguration.swift */ = {isa = PBXFileReference; lastKnownFileType = sourcecode.swift; path = AppConfiguration.swift; sourceTree = "<group>"; };
		AF11F9F02C57E2300009E685 /* SystemAudioClassifier.swift */ = {isa = PBXFileReference; lastKnownFileType = sourcecode.swift; path = SystemAudioClassifier.swift; sourceTree = "<group>"; };
		AF11F9F22C587C4D0009E685 /* AppState.swift */ = {isa = PBXFileReference; lastKnownFileType = sourcecode.swift; path = AppState.swift; sourceTree = "<group>"; };
		AFB83F9F2C5C6D2700E48896 /* AudioInputLevelManager.swift */ = {isa = PBXFileReference; lastKnownFileType = sourcecode.swift; path = AudioInputLevelManager.swift; sourceTree = "<group>"; };
		AFB83FA32C5C76DA00E48896 /* DetectSoundsView.swift */ = {isa = PBXFileReference; fileEncoding = 4; lastKnownFileType = sourcecode.swift; path = DetectSoundsView.swift; sourceTree = "<group>"; };
		AFB83FA42C5C76DA00E48896 /* SetupMonitoredSoundView.swift */ = {isa = PBXFileReference; fileEncoding = 4; lastKnownFileType = sourcecode.swift; path = SetupMonitoredSoundView.swift; sourceTree = "<group>"; };
		AFB83FA52C5C76DA00E48896 /* InstrumentBar.swift */ = {isa = PBXFileReference; fileEncoding = 4; lastKnownFileType = sourcecode.swift; path = InstrumentBar.swift; sourceTree = "<group>"; };
		AFB83FA62C5C76DA00E48896 /* SettingPopoverView.swift */ = {isa = PBXFileReference; fileEncoding = 4; lastKnownFileType = sourcecode.swift; path = SettingPopoverView.swift; sourceTree = "<group>"; };
		AFB83FA72C5C76DA00E48896 /* TempView.swift */ = {isa = PBXFileReference; fileEncoding = 4; lastKnownFileType = sourcecode.swift; path = TempView.swift; sourceTree = "<group>"; };
		B57DBED42C4E78D600E8F182 /* MicSelectView.swift */ = {isa = PBXFileReference; lastKnownFileType = sourcecode.swift; path = MicSelectView.swift; sourceTree = "<group>"; };
		B57DBED62C4E78E400E8F182 /* BandSettingView.swift */ = {isa = PBXFileReference; lastKnownFileType = sourcecode.swift; path = BandSettingView.swift; sourceTree = "<group>"; };
		B57DBED82C4E78FF00E8F182 /* SideBarView.swift */ = {isa = PBXFileReference; lastKnownFileType = sourcecode.swift; path = SideBarView.swift; sourceTree = "<group>"; };
		B57DBEDD2C522E0900E8F182 /* Song.swift */ = {isa = PBXFileReference; lastKnownFileType = sourcecode.swift; path = Song.swift; sourceTree = "<group>"; };
		B57DBEE12C52327500E8F182 /* Instrument.swift */ = {isa = PBXFileReference; lastKnownFileType = sourcecode.swift; path = Instrument.swift; sourceTree = "<group>"; };
		B57DBEEE2C54A50E00E8F182 /* BandSong.xcdatamodel */ = {isa = PBXFileReference; lastKnownFileType = wrapper.xcdatamodel; path = BandSong.xcdatamodel; sourceTree = "<group>"; };
		B57DBF012C54D5A500E8F182 /* CoreDataManager.swift */ = {isa = PBXFileReference; lastKnownFileType = sourcecode.swift; path = CoreDataManager.swift; sourceTree = "<group>"; };
		B57DBF032C58C70600E8F182 /* SongEntity+CoreDataClass.swift */ = {isa = PBXFileReference; lastKnownFileType = sourcecode.swift; name = "SongEntity+CoreDataClass.swift"; path = "Lvlance/Data/SongEntity+CoreDataClass.swift"; sourceTree = "<group>"; };
		B57DBF042C58C70600E8F182 /* SongEntity+CoreDataProperties.swift */ = {isa = PBXFileReference; lastKnownFileType = sourcecode.swift; name = "SongEntity+CoreDataProperties.swift"; path = "Lvlance/Data/SongEntity+CoreDataProperties.swift"; sourceTree = "<group>"; };
		B57DBF052C58C70600E8F182 /* InstrumentEntity+CoreDataClass.swift */ = {isa = PBXFileReference; lastKnownFileType = sourcecode.swift; name = "InstrumentEntity+CoreDataClass.swift"; path = "Lvlance/Data/InstrumentEntity+CoreDataClass.swift"; sourceTree = "<group>"; };
		B57DBF062C58C70600E8F182 /* InstrumentEntity+CoreDataProperties.swift */ = {isa = PBXFileReference; lastKnownFileType = sourcecode.swift; name = "InstrumentEntity+CoreDataProperties.swift"; path = "Lvlance/Data/InstrumentEntity+CoreDataProperties.swift"; sourceTree = "<group>"; };
		B57DBF0D2C5A240700E8F182 /* InstrumentAddingView.swift */ = {isa = PBXFileReference; lastKnownFileType = sourcecode.swift; path = InstrumentAddingView.swift; sourceTree = "<group>"; };
		B59724B02C4909CD0027990A /* Lvlance.app */ = {isa = PBXFileReference; explicitFileType = wrapper.application; includeInIndex = 0; path = Lvlance.app; sourceTree = BUILT_PRODUCTS_DIR; };
		B59724B32C4909CD0027990A /* LvlanceApp.swift */ = {isa = PBXFileReference; lastKnownFileType = sourcecode.swift; path = LvlanceApp.swift; sourceTree = "<group>"; };
		B59724B52C4909CD0027990A /* ContentView.swift */ = {isa = PBXFileReference; lastKnownFileType = sourcecode.swift; path = ContentView.swift; sourceTree = "<group>"; };
		B59724B72C4909CF0027990A /* Assets.xcassets */ = {isa = PBXFileReference; lastKnownFileType = folder.assetcatalog; path = Assets.xcassets; sourceTree = "<group>"; };
		B59724BA2C4909CF0027990A /* Preview Assets.xcassets */ = {isa = PBXFileReference; lastKnownFileType = folder.assetcatalog; path = "Preview Assets.xcassets"; sourceTree = "<group>"; };
		B59724BC2C4909CF0027990A /* Lvlance.entitlements */ = {isa = PBXFileReference; lastKnownFileType = text.plist.entitlements; path = Lvlance.entitlements; sourceTree = "<group>"; };
		B59ACF732C634B73003FC9D8 /* InstrumentEntity+CoreDataClass.swift */ = {isa = PBXFileReference; lastKnownFileType = sourcecode.swift; path = "InstrumentEntity+CoreDataClass.swift"; sourceTree = "<group>"; };
		B59ACF742C634B73003FC9D8 /* InstrumentEntity+CoreDataProperties.swift */ = {isa = PBXFileReference; lastKnownFileType = sourcecode.swift; path = "InstrumentEntity+CoreDataProperties.swift"; sourceTree = "<group>"; };
		B59ACF752C634B73003FC9D8 /* SongEntity+CoreDataClass.swift */ = {isa = PBXFileReference; lastKnownFileType = sourcecode.swift; path = "SongEntity+CoreDataClass.swift"; sourceTree = "<group>"; };
		B59ACF762C634B73003FC9D8 /* SongEntity+CoreDataProperties.swift */ = {isa = PBXFileReference; lastKnownFileType = sourcecode.swift; path = "SongEntity+CoreDataProperties.swift"; sourceTree = "<group>"; };
		B5A9F61B2C5A79F600EFD035 /* InstrumentSelectButton.swift */ = {isa = PBXFileReference; lastKnownFileType = sourcecode.swift; path = InstrumentSelectButton.swift; sourceTree = "<group>"; };
		B5A9F61E2C5B689500EFD035 /* InstrumentReady.swift */ = {isa = PBXFileReference; lastKnownFileType = sourcecode.swift; path = InstrumentReady.swift; sourceTree = "<group>"; };
		B5A9F63D2C5BC11400EFD035 /* playButtonStyle.swift */ = {isa = PBXFileReference; lastKnownFileType = sourcecode.swift; path = playButtonStyle.swift; sourceTree = "<group>"; };
		B5C9B46C2C5C754900FE4F81 /* TempView.swift */ = {isa = PBXFileReference; fileEncoding = 4; lastKnownFileType = sourcecode.swift; path = TempView.swift; sourceTree = "<group>"; };
		B5C9B46D2C5C754900FE4F81 /* SettingPopoverView.swift */ = {isa = PBXFileReference; fileEncoding = 4; lastKnownFileType = sourcecode.swift; path = SettingPopoverView.swift; sourceTree = "<group>"; };
		B5C9B46E2C5C754A00FE4F81 /* InstrumentBar.swift */ = {isa = PBXFileReference; fileEncoding = 4; lastKnownFileType = sourcecode.swift; path = InstrumentBar.swift; sourceTree = "<group>"; };
		B5C9B46F2C5C754A00FE4F81 /* SetupMonitoredSoundView.swift */ = {isa = PBXFileReference; fileEncoding = 4; lastKnownFileType = sourcecode.swift; path = SetupMonitoredSoundView.swift; sourceTree = "<group>"; };
		B5C9B4702C5C754A00FE4F81 /* DetectSoundsView.swift */ = {isa = PBXFileReference; fileEncoding = 4; lastKnownFileType = sourcecode.swift; path = DetectSoundsView.swift; sourceTree = "<group>"; };
		B5C9B47C2C61014500FE4F81 /* SongViewModel.swift */ = {isa = PBXFileReference; lastKnownFileType = sourcecode.swift; path = SongViewModel.swift; sourceTree = "<group>"; };
		C73C83802C5A292A001B7540 /* OnboardingView.swift */ = {isa = PBXFileReference; lastKnownFileType = sourcecode.swift; path = OnboardingView.swift; sourceTree = "<group>"; };
		C73C83822C5A297C001B7540 /* OnboardingNextView.swift */ = {isa = PBXFileReference; lastKnownFileType = sourcecode.swift; path = OnboardingNextView.swift; sourceTree = "<group>"; };
		C73C83842C5A299B001B7540 /* OnboardingStartView.swift */ = {isa = PBXFileReference; lastKnownFileType = sourcecode.swift; path = OnboardingStartView.swift; sourceTree = "<group>"; };
		C7D8AC952C5B890E001AB123 /* Device.swift */ = {isa = PBXFileReference; fileEncoding = 4; lastKnownFileType = sourcecode.swift; path = Device.swift; sourceTree = "<group>"; };
		C7D8AC972C5B890E001AB123 /* AudioManager.swift */ = {isa = PBXFileReference; fileEncoding = 4; lastKnownFileType = sourcecode.swift; path = AudioManager.swift; sourceTree = "<group>"; };
/* End PBXFileReference section */

/* Begin PBXFrameworksBuildPhase section */
		B59724AD2C4909CD0027990A /* Frameworks */ = {
			isa = PBXFrameworksBuildPhase;
			buildActionMask = 2147483647;
			files = (
			);
			runOnlyForDeploymentPostprocessing = 0;
		};
/* End PBXFrameworksBuildPhase section */

/* Begin PBXGroup section */
		AF11F9E62C57C6B00009E685 /* SoundProcessing */ = {
			isa = PBXGroup;
			children = (
				AF11F9F02C57E2300009E685 /* SystemAudioClassifier.swift */,
				AF11F9EC2C57D5BD0009E685 /* ClassificationResultsSubject.swift */,
				AF11F9EE2C57DE7F0009E685 /* AppConfiguration.swift */,
				AF11F9F22C587C4D0009E685 /* AppState.swift */,
				AF11F9E72C57CC070009E685 /* Model */,
			);
			path = SoundProcessing;
			sourceTree = "<group>";
		};
		AF11F9E72C57CC070009E685 /* Model */ = {
			isa = PBXGroup;
			children = (
				AF11F9E82C57CC850009E685 /* SoundIdentifier.swift */,
				AF11F9EA2C57D1550009E685 /* DetectionState.swift */,
			);
			path = Model;
			sourceTree = "<group>";
		};
		B57DBECB2C4E4BD700E8F182 /* Model */ = {
			isa = PBXGroup;
			children = (
				B57DBEDD2C522E0900E8F182 /* Song.swift */,
				B57DBEE12C52327500E8F182 /* Instrument.swift */,
			);
			path = Model;
			sourceTree = "<group>";
		};
		B57DBECD2C4E4C0A00E8F182 /* Views */ = {
			isa = PBXGroup;
			children = (
				C73C837F2C5A28F1001B7540 /* Onboardiing */,
				B57DBECE2C4E4C4700E8F182 /* MicSelect */,
				B57DBECF2C4E4C6C00E8F182 /* BandSetting */,
				B57DBED12C4E4CED00E8F182 /* Playing */,
			);
			path = Views;
			sourceTree = "<group>";
		};
		B57DBECE2C4E4C4700E8F182 /* MicSelect */ = {
			isa = PBXGroup;
			children = (
				B57DBED42C4E78D600E8F182 /* MicSelectView.swift */,
			);
			path = MicSelect;
			sourceTree = "<group>";
		};
		B57DBECF2C4E4C6C00E8F182 /* BandSetting */ = {
			isa = PBXGroup;
			children = (
				B57DBED62C4E78E400E8F182 /* BandSettingView.swift */,
				B5A9F61E2C5B689500EFD035 /* InstrumentReady.swift */,
				B5A9F61D2C5A7A0100EFD035 /* InstrumentAdd */,
				B57DBED02C4E4C9600E8F182 /* SideBar */,
				B5C9B47C2C61014500FE4F81 /* SongViewModel.swift */,
			);
			path = BandSetting;
			sourceTree = "<group>";
		};
		B57DBED02C4E4C9600E8F182 /* SideBar */ = {
			isa = PBXGroup;
			children = (
				B57DBED82C4E78FF00E8F182 /* SideBarView.swift */,
				B5A9F63D2C5BC11400EFD035 /* playButtonStyle.swift */,
			);
			path = SideBar;
			sourceTree = "<group>";
		};
		B57DBED12C4E4CED00E8F182 /* Playing */ = {
			isa = PBXGroup;
			children = (
				AFB83FA32C5C76DA00E48896 /* DetectSoundsView.swift */,
				AFB83FA52C5C76DA00E48896 /* InstrumentBar.swift */,
				AFB83FA62C5C76DA00E48896 /* SettingPopoverView.swift */,
				AFB83FA42C5C76DA00E48896 /* SetupMonitoredSoundView.swift */,
				AFB83FA72C5C76DA00E48896 /* TempView.swift */,
			);
			path = Playing;
			sourceTree = "<group>";
		};
		B57DBED22C4E4D1100E8F182 /* Manager */ = {
			isa = PBXGroup;
			children = (
				C7D8AC982C5B890E001AB123 /* AudioManaging */,
				AF11F9E62C57C6B00009E685 /* SoundProcessing */,
				B57DBF012C54D5A500E8F182 /* CoreDataManager.swift */,
			);
			path = Manager;
			sourceTree = "<group>";
		};
		B57DBED32C4E4E7400E8F182 /* Extensions */ = {
			isa = PBXGroup;
			children = (
			);
			path = Extensions;
			sourceTree = "<group>";
		};
		B57DBEDC2C4E792C00E8F182 /* Resources */ = {
			isa = PBXGroup;
			children = (
				B59724B72C4909CF0027990A /* Assets.xcassets */,
			);
			path = Resources;
			sourceTree = "<group>";
		};
		B57DBEF82C54C20400E8F182 /* Data */ = {
			isa = PBXGroup;
			children = (
				B57DBEED2C54A50E00E8F182 /* BandSong.xcdatamodeld */,
			);
			path = Data;
			sourceTree = "<group>";
		};
		B59724A72C4909CD0027990A = {
			isa = PBXGroup;
			children = (
				B59ACF732C634B73003FC9D8 /* InstrumentEntity+CoreDataClass.swift */,
				B59ACF742C634B73003FC9D8 /* InstrumentEntity+CoreDataProperties.swift */,
				B59ACF752C634B73003FC9D8 /* SongEntity+CoreDataClass.swift */,
				B59ACF762C634B73003FC9D8 /* SongEntity+CoreDataProperties.swift */,
				B59724B22C4909CD0027990A /* Lvlance */,
				B59724B12C4909CD0027990A /* Products */,
				B5A9F63A2C5BB84B00EFD035 /* Recovered References */,
			);
			sourceTree = "<group>";
		};
		B59724B12C4909CD0027990A /* Products */ = {
			isa = PBXGroup;
			children = (
				B59724B02C4909CD0027990A /* Lvlance.app */,
			);
			name = Products;
			sourceTree = "<group>";
		};
		B59724B22C4909CD0027990A /* Lvlance */ = {
			isa = PBXGroup;
			children = (
				B59724B32C4909CD0027990A /* LvlanceApp.swift */,
				B57DBEF82C54C20400E8F182 /* Data */,
				B57DBECB2C4E4BD700E8F182 /* Model */,
				B57DBED22C4E4D1100E8F182 /* Manager */,
				B57DBECD2C4E4C0A00E8F182 /* Views */,
				B57DBED32C4E4E7400E8F182 /* Extensions */,
				B57DBEDC2C4E792C00E8F182 /* Resources */,
				B59724B52C4909CD0027990A /* ContentView.swift */,
				B59724BC2C4909CF0027990A /* Lvlance.entitlements */,
				B59724B92C4909CF0027990A /* Preview Content */,
			);
			path = Lvlance;
			sourceTree = "<group>";
		};
		B59724B92C4909CF0027990A /* Preview Content */ = {
			isa = PBXGroup;
			children = (
				B59724BA2C4909CF0027990A /* Preview Assets.xcassets */,
			);
			path = "Preview Content";
			sourceTree = "<group>";
		};
		B5A9F61D2C5A7A0100EFD035 /* InstrumentAdd */ = {
			isa = PBXGroup;
			children = (
				B57DBF0D2C5A240700E8F182 /* InstrumentAddingView.swift */,
				B5A9F61B2C5A79F600EFD035 /* InstrumentSelectButton.swift */,
			);
			path = InstrumentAdd;
			sourceTree = "<group>";
		};
		B5A9F63A2C5BB84B00EFD035 /* Recovered References */ = {
			isa = PBXGroup;
			children = (
				B57DBF032C58C70600E8F182 /* SongEntity+CoreDataClass.swift */,
				B57DBF042C58C70600E8F182 /* SongEntity+CoreDataProperties.swift */,
				B57DBF052C58C70600E8F182 /* InstrumentEntity+CoreDataClass.swift */,
				B57DBF062C58C70600E8F182 /* InstrumentEntity+CoreDataProperties.swift */,
				B5C9B46F2C5C754A00FE4F81 /* SetupMonitoredSoundView.swift */,
				B5C9B4702C5C754A00FE4F81 /* DetectSoundsView.swift */,
				B5C9B46D2C5C754900FE4F81 /* SettingPopoverView.swift */,
				B5C9B46C2C5C754900FE4F81 /* TempView.swift */,
				B5C9B46E2C5C754A00FE4F81 /* InstrumentBar.swift */,
			);
			name = "Recovered References";
			sourceTree = "<group>";
		};
		C73C837F2C5A28F1001B7540 /* Onboardiing */ = {
			isa = PBXGroup;
			children = (
				C73C83802C5A292A001B7540 /* OnboardingView.swift */,
				C73C83822C5A297C001B7540 /* OnboardingNextView.swift */,
				C73C83842C5A299B001B7540 /* OnboardingStartView.swift */,
			);
			path = Onboardiing;
			sourceTree = "<group>";
		};
		C7D8AC962C5B890E001AB123 /* Model */ = {
			isa = PBXGroup;
			children = (
				C7D8AC952C5B890E001AB123 /* Device.swift */,
			);
			path = Model;
			sourceTree = "<group>";
		};
		C7D8AC982C5B890E001AB123 /* AudioManaging */ = {
			isa = PBXGroup;
			children = (
				C7D8AC962C5B890E001AB123 /* Model */,
				C7D8AC972C5B890E001AB123 /* AudioManager.swift */,
				AFB83F9F2C5C6D2700E48896 /* AudioInputLevelManager.swift */,
			);
			path = AudioManaging;
			sourceTree = "<group>";
		};
/* End PBXGroup section */

/* Begin PBXNativeTarget section */
		B59724AF2C4909CD0027990A /* Lvlance */ = {
			isa = PBXNativeTarget;
			buildConfigurationList = B59724BF2C4909CF0027990A /* Build configuration list for PBXNativeTarget "Lvlance" */;
			buildPhases = (
				B59724AC2C4909CD0027990A /* Sources */,
				B59724AD2C4909CD0027990A /* Frameworks */,
				B59724AE2C4909CD0027990A /* Resources */,
			);
			buildRules = (
			);
			dependencies = (
			);
			name = Lvlance;
			productName = Lvlance;
			productReference = B59724B02C4909CD0027990A /* Lvlance.app */;
			productType = "com.apple.product-type.application";
		};
/* End PBXNativeTarget section */

/* Begin PBXProject section */
		B59724A82C4909CD0027990A /* Project object */ = {
			isa = PBXProject;
			attributes = {
				BuildIndependentTargetsInParallel = 1;
				LastSwiftUpdateCheck = 1540;
				LastUpgradeCheck = 1540;
				TargetAttributes = {
					B59724AF2C4909CD0027990A = {
						CreatedOnToolsVersion = 15.4;
					};
				};
			};
			buildConfigurationList = B59724AB2C4909CD0027990A /* Build configuration list for PBXProject "Lvlance" */;
			compatibilityVersion = "Xcode 14.0";
			developmentRegion = en;
			hasScannedForEncodings = 0;
			knownRegions = (
				en,
				Base,
			);
			mainGroup = B59724A72C4909CD0027990A;
			productRefGroup = B59724B12C4909CD0027990A /* Products */;
			projectDirPath = "";
			projectRoot = "";
			targets = (
				B59724AF2C4909CD0027990A /* Lvlance */,
			);
		};
/* End PBXProject section */

/* Begin PBXResourcesBuildPhase section */
		B59724AE2C4909CD0027990A /* Resources */ = {
			isa = PBXResourcesBuildPhase;
			buildActionMask = 2147483647;
			files = (
				B59724BB2C4909CF0027990A /* Preview Assets.xcassets in Resources */,
				B59724B82C4909CF0027990A /* Assets.xcassets in Resources */,
			);
			runOnlyForDeploymentPostprocessing = 0;
		};
/* End PBXResourcesBuildPhase section */

/* Begin PBXSourcesBuildPhase section */
		B59724AC2C4909CD0027990A /* Sources */ = {
			isa = PBXSourcesBuildPhase;
			buildActionMask = 2147483647;
			files = (
				AFB83FA02C5C6D2700E48896 /* AudioInputLevelManager.swift in Sources */,
				C73C83832C5A297C001B7540 /* OnboardingNextView.swift in Sources */,
				AF11F9E92C57CC850009E685 /* SoundIdentifier.swift in Sources */,
				C7D8AC9A2C5B890E001AB123 /* AudioManager.swift in Sources */,
				B59ACF772C634B73003FC9D8 /* InstrumentEntity+CoreDataClass.swift in Sources */,
				B59ACF782C634B73003FC9D8 /* InstrumentEntity+CoreDataProperties.swift in Sources */,
				B59ACF792C634B73003FC9D8 /* SongEntity+CoreDataClass.swift in Sources */,
				B59ACF7A2C634B73003FC9D8 /* SongEntity+CoreDataProperties.swift in Sources */,
				AFB83FAA2C5C76DA00E48896 /* InstrumentBar.swift in Sources */,
				C73C83852C5A299B001B7540 /* OnboardingStartView.swift in Sources */,
				C7D8AC992C5B890E001AB123 /* Device.swift in Sources */,
				AFB83FAB2C5C76DA00E48896 /* SettingPopoverView.swift in Sources */,
				AFB83FAC2C5C76DA00E48896 /* TempView.swift in Sources */,
				AF11F9F12C57E2300009E685 /* SystemAudioClassifier.swift in Sources */,
				B5C9B47D2C61014500FE4F81 /* SongViewModel.swift in Sources */,
				B57DBEDE2C522E0900E8F182 /* Song.swift in Sources */,
				C73C83812C5A292A001B7540 /* OnboardingView.swift in Sources */,
				B57DBEEF2C54A50E00E8F182 /* BandSong.xcdatamodeld in Sources */,
				B57DBED52C4E78D600E8F182 /* MicSelectView.swift in Sources */,
				B59724B62C4909CD0027990A /* ContentView.swift in Sources */,
				B57DBED72C4E78E400E8F182 /* BandSettingView.swift in Sources */,
				AFB83FA82C5C76DA00E48896 /* DetectSoundsView.swift in Sources */,
				B5A9F61F2C5B689500EFD035 /* InstrumentReady.swift in Sources */,
				B57DBEE22C52327500E8F182 /* Instrument.swift in Sources */,
				AF11F9EF2C57DE7F0009E685 /* AppConfiguration.swift in Sources */,
				AF11F9F32C587C4D0009E685 /* AppState.swift in Sources */,
				AF11F9EB2C57D1550009E685 /* DetectionState.swift in Sources */,
				B57DBED92C4E78FF00E8F182 /* SideBarView.swift in Sources */,
				AF11F9ED2C57D5BD0009E685 /* ClassificationResultsSubject.swift in Sources */,
				B59724B42C4909CD0027990A /* LvlanceApp.swift in Sources */,
				B57DBF0E2C5A240700E8F182 /* InstrumentAddingView.swift in Sources */,
				B5A9F61C2C5A79F600EFD035 /* InstrumentSelectButton.swift in Sources */,
				B57DBF022C54D5A500E8F182 /* CoreDataManager.swift in Sources */,
				B5A9F63E2C5BC11400EFD035 /* playButtonStyle.swift in Sources */,
				AFB83FA92C5C76DA00E48896 /* SetupMonitoredSoundView.swift in Sources */,
			);
			runOnlyForDeploymentPostprocessing = 0;
		};
/* End PBXSourcesBuildPhase section */

/* Begin XCBuildConfiguration section */
		B59724BD2C4909CF0027990A /* Debug */ = {
			isa = XCBuildConfiguration;
			buildSettings = {
				ALWAYS_SEARCH_USER_PATHS = NO;
				ASSETCATALOG_COMPILER_GENERATE_SWIFT_ASSET_SYMBOL_EXTENSIONS = YES;
				CLANG_ANALYZER_NONNULL = YES;
				CLANG_ANALYZER_NUMBER_OBJECT_CONVERSION = YES_AGGRESSIVE;
				CLANG_CXX_LANGUAGE_STANDARD = "gnu++20";
				CLANG_ENABLE_MODULES = YES;
				CLANG_ENABLE_OBJC_ARC = YES;
				CLANG_ENABLE_OBJC_WEAK = YES;
				CLANG_WARN_BLOCK_CAPTURE_AUTORELEASING = YES;
				CLANG_WARN_BOOL_CONVERSION = YES;
				CLANG_WARN_COMMA = YES;
				CLANG_WARN_CONSTANT_CONVERSION = YES;
				CLANG_WARN_DEPRECATED_OBJC_IMPLEMENTATIONS = YES;
				CLANG_WARN_DIRECT_OBJC_ISA_USAGE = YES_ERROR;
				CLANG_WARN_DOCUMENTATION_COMMENTS = YES;
				CLANG_WARN_EMPTY_BODY = YES;
				CLANG_WARN_ENUM_CONVERSION = YES;
				CLANG_WARN_INFINITE_RECURSION = YES;
				CLANG_WARN_INT_CONVERSION = YES;
				CLANG_WARN_NON_LITERAL_NULL_CONVERSION = YES;
				CLANG_WARN_OBJC_IMPLICIT_RETAIN_SELF = YES;
				CLANG_WARN_OBJC_LITERAL_CONVERSION = YES;
				CLANG_WARN_OBJC_ROOT_CLASS = YES_ERROR;
				CLANG_WARN_QUOTED_INCLUDE_IN_FRAMEWORK_HEADER = YES;
				CLANG_WARN_RANGE_LOOP_ANALYSIS = YES;
				CLANG_WARN_STRICT_PROTOTYPES = YES;
				CLANG_WARN_SUSPICIOUS_MOVE = YES;
				CLANG_WARN_UNGUARDED_AVAILABILITY = YES_AGGRESSIVE;
				CLANG_WARN_UNREACHABLE_CODE = YES;
				CLANG_WARN__DUPLICATE_METHOD_MATCH = YES;
				COPY_PHASE_STRIP = NO;
				DEBUG_INFORMATION_FORMAT = dwarf;
				ENABLE_STRICT_OBJC_MSGSEND = YES;
				ENABLE_TESTABILITY = YES;
				ENABLE_USER_SCRIPT_SANDBOXING = YES;
				GCC_C_LANGUAGE_STANDARD = gnu17;
				GCC_DYNAMIC_NO_PIC = NO;
				GCC_NO_COMMON_BLOCKS = YES;
				GCC_OPTIMIZATION_LEVEL = 0;
				GCC_PREPROCESSOR_DEFINITIONS = (
					"DEBUG=1",
					"$(inherited)",
				);
				GCC_WARN_64_TO_32_BIT_CONVERSION = YES;
				GCC_WARN_ABOUT_RETURN_TYPE = YES_ERROR;
				GCC_WARN_UNDECLARED_SELECTOR = YES;
				GCC_WARN_UNINITIALIZED_AUTOS = YES_AGGRESSIVE;
				GCC_WARN_UNUSED_FUNCTION = YES;
				GCC_WARN_UNUSED_VARIABLE = YES;
				LOCALIZATION_PREFERS_STRING_CATALOGS = YES;
				MACOSX_DEPLOYMENT_TARGET = 14.3;
				MTL_ENABLE_DEBUG_INFO = INCLUDE_SOURCE;
				MTL_FAST_MATH = YES;
				ONLY_ACTIVE_ARCH = YES;
				SDKROOT = macosx;
				SWIFT_ACTIVE_COMPILATION_CONDITIONS = "DEBUG $(inherited)";
				SWIFT_OPTIMIZATION_LEVEL = "-Onone";
			};
			name = Debug;
		};
		B59724BE2C4909CF0027990A /* Release */ = {
			isa = XCBuildConfiguration;
			buildSettings = {
				ALWAYS_SEARCH_USER_PATHS = NO;
				ASSETCATALOG_COMPILER_GENERATE_SWIFT_ASSET_SYMBOL_EXTENSIONS = YES;
				CLANG_ANALYZER_NONNULL = YES;
				CLANG_ANALYZER_NUMBER_OBJECT_CONVERSION = YES_AGGRESSIVE;
				CLANG_CXX_LANGUAGE_STANDARD = "gnu++20";
				CLANG_ENABLE_MODULES = YES;
				CLANG_ENABLE_OBJC_ARC = YES;
				CLANG_ENABLE_OBJC_WEAK = YES;
				CLANG_WARN_BLOCK_CAPTURE_AUTORELEASING = YES;
				CLANG_WARN_BOOL_CONVERSION = YES;
				CLANG_WARN_COMMA = YES;
				CLANG_WARN_CONSTANT_CONVERSION = YES;
				CLANG_WARN_DEPRECATED_OBJC_IMPLEMENTATIONS = YES;
				CLANG_WARN_DIRECT_OBJC_ISA_USAGE = YES_ERROR;
				CLANG_WARN_DOCUMENTATION_COMMENTS = YES;
				CLANG_WARN_EMPTY_BODY = YES;
				CLANG_WARN_ENUM_CONVERSION = YES;
				CLANG_WARN_INFINITE_RECURSION = YES;
				CLANG_WARN_INT_CONVERSION = YES;
				CLANG_WARN_NON_LITERAL_NULL_CONVERSION = YES;
				CLANG_WARN_OBJC_IMPLICIT_RETAIN_SELF = YES;
				CLANG_WARN_OBJC_LITERAL_CONVERSION = YES;
				CLANG_WARN_OBJC_ROOT_CLASS = YES_ERROR;
				CLANG_WARN_QUOTED_INCLUDE_IN_FRAMEWORK_HEADER = YES;
				CLANG_WARN_RANGE_LOOP_ANALYSIS = YES;
				CLANG_WARN_STRICT_PROTOTYPES = YES;
				CLANG_WARN_SUSPICIOUS_MOVE = YES;
				CLANG_WARN_UNGUARDED_AVAILABILITY = YES_AGGRESSIVE;
				CLANG_WARN_UNREACHABLE_CODE = YES;
				CLANG_WARN__DUPLICATE_METHOD_MATCH = YES;
				COPY_PHASE_STRIP = NO;
				DEBUG_INFORMATION_FORMAT = "dwarf-with-dsym";
				ENABLE_NS_ASSERTIONS = NO;
				ENABLE_STRICT_OBJC_MSGSEND = YES;
				ENABLE_USER_SCRIPT_SANDBOXING = YES;
				GCC_C_LANGUAGE_STANDARD = gnu17;
				GCC_NO_COMMON_BLOCKS = YES;
				GCC_WARN_64_TO_32_BIT_CONVERSION = YES;
				GCC_WARN_ABOUT_RETURN_TYPE = YES_ERROR;
				GCC_WARN_UNDECLARED_SELECTOR = YES;
				GCC_WARN_UNINITIALIZED_AUTOS = YES_AGGRESSIVE;
				GCC_WARN_UNUSED_FUNCTION = YES;
				GCC_WARN_UNUSED_VARIABLE = YES;
				LOCALIZATION_PREFERS_STRING_CATALOGS = YES;
				MACOSX_DEPLOYMENT_TARGET = 14.3;
				MTL_ENABLE_DEBUG_INFO = NO;
				MTL_FAST_MATH = YES;
				SDKROOT = macosx;
				SWIFT_COMPILATION_MODE = wholemodule;
			};
			name = Release;
		};
		B59724C02C4909CF0027990A /* Debug */ = {
			isa = XCBuildConfiguration;
			buildSettings = {
				ASSETCATALOG_COMPILER_APPICON_NAME = AppIcon;
				ASSETCATALOG_COMPILER_GLOBAL_ACCENT_COLOR_NAME = AccentColor;
				CODE_SIGN_ENTITLEMENTS = Lvlance/Lvlance.entitlements;
				CODE_SIGN_STYLE = Automatic;
				COMBINE_HIDPI_IMAGES = YES;
				CURRENT_PROJECT_VERSION = 1;
				DEVELOPMENT_ASSET_PATHS = "\"Lvlance/Preview Content\"";
				DEVELOPMENT_TEAM = 2WSJ3W54FF;
				ENABLE_HARDENED_RUNTIME = YES;
				ENABLE_PREVIEWS = YES;
				GENERATE_INFOPLIST_FILE = YES;
				INFOPLIST_KEY_NSHumanReadableCopyright = "";
				LD_RUNPATH_SEARCH_PATHS = (
					"$(inherited)",
					"@executable_path/../Frameworks",
				);
				MARKETING_VERSION = 1.0.0;
				PRODUCT_BUNDLE_IDENTIFIER = com.sophia.Lvlance;
				PRODUCT_NAME = "$(TARGET_NAME)";
				SWIFT_EMIT_LOC_STRINGS = YES;
				SWIFT_VERSION = 5.0;
			};
			name = Debug;
		};
		B59724C12C4909CF0027990A /* Release */ = {
			isa = XCBuildConfiguration;
			buildSettings = {
				ASSETCATALOG_COMPILER_APPICON_NAME = AppIcon;
				ASSETCATALOG_COMPILER_GLOBAL_ACCENT_COLOR_NAME = AccentColor;
				CODE_SIGN_ENTITLEMENTS = Lvlance/Lvlance.entitlements;
				CODE_SIGN_STYLE = Automatic;
				COMBINE_HIDPI_IMAGES = YES;
				CURRENT_PROJECT_VERSION = 1;
				DEVELOPMENT_ASSET_PATHS = "\"Lvlance/Preview Content\"";
				DEVELOPMENT_TEAM = 2WSJ3W54FF;
				ENABLE_HARDENED_RUNTIME = YES;
				ENABLE_PREVIEWS = YES;
				GENERATE_INFOPLIST_FILE = YES;
				INFOPLIST_KEY_NSHumanReadableCopyright = "";
				LD_RUNPATH_SEARCH_PATHS = (
					"$(inherited)",
					"@executable_path/../Frameworks",
				);
				MARKETING_VERSION = 1.0.0;
				PRODUCT_BUNDLE_IDENTIFIER = com.sophia.Lvlance;
				PRODUCT_NAME = "$(TARGET_NAME)";
				SWIFT_EMIT_LOC_STRINGS = YES;
				SWIFT_VERSION = 5.0;
			};
			name = Release;
		};
/* End XCBuildConfiguration section */

/* Begin XCConfigurationList section */
		B59724AB2C4909CD0027990A /* Build configuration list for PBXProject "Lvlance" */ = {
			isa = XCConfigurationList;
			buildConfigurations = (
				B59724BD2C4909CF0027990A /* Debug */,
				B59724BE2C4909CF0027990A /* Release */,
			);
			defaultConfigurationIsVisible = 0;
			defaultConfigurationName = Release;
		};
		B59724BF2C4909CF0027990A /* Build configuration list for PBXNativeTarget "Lvlance" */ = {
			isa = XCConfigurationList;
			buildConfigurations = (
				B59724C02C4909CF0027990A /* Debug */,
				B59724C12C4909CF0027990A /* Release */,
			);
			defaultConfigurationIsVisible = 0;
			defaultConfigurationName = Release;
		};
/* End XCConfigurationList section */

/* Begin XCVersionGroup section */
		B57DBEED2C54A50E00E8F182 /* BandSong.xcdatamodeld */ = {
			isa = XCVersionGroup;
			children = (
				B57DBEEE2C54A50E00E8F182 /* BandSong.xcdatamodel */,
			);
			currentVersion = B57DBEEE2C54A50E00E8F182 /* BandSong.xcdatamodel */;
			path = BandSong.xcdatamodeld;
			sourceTree = "<group>";
			versionGroupType = wrapper.xcdatamodel;
		};
/* End XCVersionGroup section */
	};
	rootObject = B59724A82C4909CD0027990A /* Project object */;
}
